
Microsoft Visual Studio Solution File, Format Version 12.00
# Visual Studio Version 17
VisualStudioVersion = 17.1.32210.238
MinimumVisualStudioVersion = 10.0.40219.1
Project("{9A19103F-16F7-4668-BE54-9A1E7A4F7556}") = "Walk and Trails of SA API", "ASP.net core Web API practice\Walk and Trails of SA API.csproj", "{91470573-6AD2-43D4-BEA9-D65CDCBE8A9D}"
EndProject
Project("{FAE04EC0-301F-11D3-BF4B-00C04F79EFBC}") = "SAWalks.Web", "SAWalks.Web\SAWalks.Web.csproj", "{74E3C005-D6C6-4A69-BFF0-DCBA20309314}"
EndProject
Global
	GlobalSection(SolutionConfigurationPlatforms) = preSolution
		Debug|Any CPU = Debug|Any CPU
		Release|Any CPU = Release|Any CPU
	EndGlobalSection
	GlobalSection(ProjectConfigurationPlatforms) = postSolution
		{91470573-6AD2-43D4-BEA9-D65CDCBE8A9D}.Debug|Any CPU.ActiveCfg = Debug|Any CPU
		{91470573-6AD2-43D4-BEA9-D65CDCBE8A9D}.Debug|Any CPU.Build.0 = Debug|Any CPU
		{91470573-6AD2-43D4-BEA9-D65CDCBE8A9D}.Release|Any CPU.ActiveCfg = Release|Any CPU
		{91470573-6AD2-43D4-BEA9-D65CDCBE8A9D}.Release|Any CPU.Build.0 = Release|Any CPU
		{74E3C005-D6C6-4A69-BFF0-DCBA20309314}.Debug|Any CPU.ActiveCfg = Debug|Any CPU
		{74E3C005-D6C6-4A69-BFF0-DCBA20309314}.Debug|Any CPU.Build.0 = Debug|Any CPU
		{74E3C005-D6C6-4A69-BFF0-DCBA20309314}.Release|Any CPU.ActiveCfg = Release|Any CPU
		{74E3C005-D6C6-4A69-BFF0-DCBA20309314}.Release|Any CPU.Build.0 = Release|Any CPU
	EndGlobalSection
	GlobalSection(SolutionProperties) = preSolution
		HideSolutionNode = FALSE
	EndGlobalSection
	GlobalSection(ExtensibilityGlobals) = postSolution
		SolutionGuid = {CC5824D7-25C0-4029-ADEC-E83FB7325D4B}
	EndGlobalSection
EndGlobal
